
Microsoft Visual Studio Solution File, Format Version 12.00
# Visual Studio Version 17
VisualStudioVersion = 17.5.002.0
MinimumVisualStudioVersion = 10.0.40219.1
Project("{2150E333-8FDC-42A3-9474-1A3956D46DE8}") = "Unidad_I", "Unidad_I", "{6F098BA7-AB96-4DD5-9BAE-8EB2E1F03F3B}"
EndProject
Project("{2150E333-8FDC-42A3-9474-1A3956D46DE8}") = "Tarea_1.2", "Tarea_1.2", "{42799086-07DB-4CF4-9F0E-C61FB986FB64}"
EndProject
Project("{9A19103F-16F7-4668-BE54-9A1E7A4F7556}") = "Ejercicio_1", "Unidad_I\Tarea_1.2\Ejercicio_1\Ejercicio_1.csproj", "{7A96683B-13A0-4F7F-9B3A-7728ECFA42F3}"
EndProject
Global
	GlobalSection(SolutionConfigurationPlatforms) = preSolution
		Debug|Any CPU = Debug|Any CPU
		Release|Any CPU = Release|Any CPU
	EndGlobalSection
	GlobalSection(ProjectConfigurationPlatforms) = postSolution
		{7A96683B-13A0-4F7F-9B3A-7728ECFA42F3}.Debug|Any CPU.ActiveCfg = Debug|Any CPU
		{7A96683B-13A0-4F7F-9B3A-7728ECFA42F3}.Debug|Any CPU.Build.0 = Debug|Any CPU
		{7A96683B-13A0-4F7F-9B3A-7728ECFA42F3}.Release|Any CPU.ActiveCfg = Release|Any CPU
		{7A96683B-13A0-4F7F-9B3A-7728ECFA42F3}.Release|Any CPU.Build.0 = Release|Any CPU
	EndGlobalSection
	GlobalSection(SolutionProperties) = preSolution
		HideSolutionNode = FALSE
	EndGlobalSection
	GlobalSection(NestedProjects) = preSolution
		{42799086-07DB-4CF4-9F0E-C61FB986FB64} = {6F098BA7-AB96-4DD5-9BAE-8EB2E1F03F3B}
		{7A96683B-13A0-4F7F-9B3A-7728ECFA42F3} = {42799086-07DB-4CF4-9F0E-C61FB986FB64}
	EndGlobalSection
	GlobalSection(ExtensibilityGlobals) = postSolution
		SolutionGuid = {82A7449C-3986-4028-9896-3ABFBBBF8409}
	EndGlobalSection
EndGlobal
